// !$*UTF8*$!
{
	archiveVersion = 1;
	classes = {
	};
	objectVersion = 46;
	objects = {

/* Begin PBXBuildFile section */
		38E5F5F01D3DCDBF00AA7E71 /* RCTImageMarker.h in CopyFiles */ = {isa = PBXBuildFile; fileRef = 38E5F5EF1D3DCDBF00AA7E71 /* RCTImageMarker.h */; };
		38E5F5F21D3DCDBF00AA7E71 /* RCTImageMarker.m in Sources */ = {isa = PBXBuildFile; fileRef = 38E5F5F11D3DCDBF00AA7E71 /* RCTImageMarker.m */; };
		38E5F6301D3DDD7100AA7E71 /* RCTConvert+ImageMarker.m in Sources */ = {isa = PBXBuildFile; fileRef = 38E5F62F1D3DDD7100AA7E71 /* RCTConvert+ImageMarker.m */; };
/* End PBXBuildFile section */

/* Begin PBXCopyFilesBuildPhase section */
		38E5F5EA1D3DCDBF00AA7E71 /* CopyFiles */ = {
			isa = PBXCopyFilesBuildPhase;
			buildActionMask = 2147483647;
			dstPath = "include/$(PRODUCT_NAME)";
			dstSubfolderSpec = 16;
			files = (
				38E5F5F01D3DCDBF00AA7E71 /* RCTImageMarker.h in CopyFiles */,
			);
			runOnlyForDeploymentPostprocessing = 0;
		};
/* End PBXCopyFilesBuildPhase section */

/* Begin PBXFileReference section */
		38E5F5EC1D3DCDBF00AA7E71 /* libRCTImageMarker.a */ = {isa = PBXFileReference; explicitFileType = archive.ar; includeInIndex = 0; path = libRCTImageMarker.a; sourceTree = BUILT_PRODUCTS_DIR; };
		38E5F5EF1D3DCDBF00AA7E71 /* RCTImageMarker.h */ = {isa = PBXFileReference; lastKnownFileType = sourcecode.c.h; path = RCTImageMarker.h; sourceTree = "<group>"; };
		38E5F5F11D3DCDBF00AA7E71 /* RCTImageMarker.m */ = {isa = PBXFileReference; lastKnownFileType = sourcecode.c.objc; path = RCTImageMarker.m; sourceTree = "<group>"; };
		38E5F62E1D3DDD2300AA7E71 /* RCTConvert+ImageMarker.h */ = {isa = PBXFileReference; fileEncoding = 4; lastKnownFileType = sourcecode.c.h; path = "RCTConvert+ImageMarker.h"; sourceTree = "<group>"; };
		38E5F62F1D3DDD7100AA7E71 /* RCTConvert+ImageMarker.m */ = {isa = PBXFileReference; fileEncoding = 4; lastKnownFileType = sourcecode.c.objc; path = "RCTConvert+ImageMarker.m"; sourceTree = "<group>"; };
/* End PBXFileReference section */

/* Begin PBXFrameworksBuildPhase section */
		38E5F5E91D3DCDBF00AA7E71 /* Frameworks */ = {
			isa = PBXFrameworksBuildPhase;
			buildActionMask = 2147483647;
			files = (
			);
			runOnlyForDeploymentPostprocessing = 0;
		};
/* End PBXFrameworksBuildPhase section */

/* Begin PBXGroup section */
		38E5F5E31D3DCDBF00AA7E71 = {
			isa = PBXGroup;
			children = (
				38E5F5EE1D3DCDBF00AA7E71 /* RCTImageMarker */,
				38E5F5ED1D3DCDBF00AA7E71 /* Products */,
			);
			sourceTree = "<group>";
		};
		38E5F5ED1D3DCDBF00AA7E71 /* Products */ = {
			isa = PBXGroup;
			children = (
				38E5F5EC1D3DCDBF00AA7E71 /* libRCTImageMarker.a */,
			);
			name = Products;
			sourceTree = "<group>";
		};
		38E5F5EE1D3DCDBF00AA7E71 /* RCTImageMarker */ = {
			isa = PBXGroup;
			children = (
				38E5F5EF1D3DCDBF00AA7E71 /* RCTImageMarker.h */,
				38E5F5F11D3DCDBF00AA7E71 /* RCTImageMarker.m */,
				38E5F62E1D3DDD2300AA7E71 /* RCTConvert+ImageMarker.h */,
				38E5F62F1D3DDD7100AA7E71 /* RCTConvert+ImageMarker.m */,
			);
			path = RCTImageMarker;
			sourceTree = "<group>";
		};
/* End PBXGroup section */

/* Begin PBXNativeTarget section */
		38E5F5EB1D3DCDBF00AA7E71 /* RCTImageMarker */ = {
			isa = PBXNativeTarget;
			buildConfigurationList = 38E5F5F51D3DCDBF00AA7E71 /* Build configuration list for PBXNativeTarget "RCTImageMarker" */;
			buildPhases = (
				38E5F5E81D3DCDBF00AA7E71 /* Sources */,
				38E5F5E91D3DCDBF00AA7E71 /* Frameworks */,
				38E5F5EA1D3DCDBF00AA7E71 /* CopyFiles */,
			);
			buildRules = (
			);
			dependencies = (
			);
			name = RCTImageMarker;
			productName = RCTImageMarker;
			productReference = 38E5F5EC1D3DCDBF00AA7E71 /* libRCTImageMarker.a */;
			productType = "com.apple.product-type.library.static";
		};
/* End PBXNativeTarget section */

/* Begin PBXProject section */
		38E5F5E41D3DCDBF00AA7E71 /* Project object */ = {
			isa = PBXProject;
			attributes = {
				LastUpgradeCheck = 0730;
				ORGANIZATIONNAME = Jimmy;
				TargetAttributes = {
					38E5F5EB1D3DCDBF00AA7E71 = {
						CreatedOnToolsVersion = 7.3;
					};
				};
			};
			buildConfigurationList = 38E5F5E71D3DCDBF00AA7E71 /* Build configuration list for PBXProject "RCTImageMarker" */;
			compatibilityVersion = "Xcode 3.2";
			developmentRegion = English;
			hasScannedForEncodings = 0;
			knownRegions = (
				English,
				en,
			);
			mainGroup = 38E5F5E31D3DCDBF00AA7E71;
			productRefGroup = 38E5F5ED1D3DCDBF00AA7E71 /* Products */;
			projectDirPath = "";
			projectRoot = "";
			targets = (
				38E5F5EB1D3DCDBF00AA7E71 /* RCTImageMarker */,
			);
		};
/* End PBXProject section */

/* Begin PBXSourcesBuildPhase section */
		38E5F5E81D3DCDBF00AA7E71 /* Sources */ = {
			isa = PBXSourcesBuildPhase;
			buildActionMask = 2147483647;
			files = (
				38E5F5F21D3DCDBF00AA7E71 /* RCTImageMarker.m in Sources */,
				38E5F6301D3DDD7100AA7E71 /* RCTConvert+ImageMarker.m in Sources */,
			);
			runOnlyForDeploymentPostprocessing = 0;
		};
/* End PBXSourcesBuildPhase section */

/* Begin XCBuildConfiguration section */
		38E5F5F31D3DCDBF00AA7E71 /* Debug */ = {
			isa = XCBuildConfiguration;
			buildSettings = {
				ALWAYS_SEARCH_USER_PATHS = NO;
				CLANG_ANALYZER_NONNULL = YES;
				CLANG_CXX_LANGUAGE_STANDARD = "gnu++0x";
				CLANG_CXX_LIBRARY = "libc++";
				CLANG_ENABLE_MODULES = YES;
				CLANG_ENABLE_OBJC_ARC = YES;
				CLANG_WARN_BOOL_CONVERSION = YES;
				CLANG_WARN_CONSTANT_CONVERSION = YES;
				CLANG_WARN_DIRECT_OBJC_ISA_USAGE = YES_ERROR;
				CLANG_WARN_EMPTY_BODY = YES;
				CLANG_WARN_ENUM_CONVERSION = YES;
				CLANG_WARN_INT_CONVERSION = YES;
				CLANG_WARN_OBJC_ROOT_CLASS = YES_ERROR;
				CLANG_WARN_UNREACHABLE_CODE = YES;
				CLANG_WARN__DUPLICATE_METHOD_MATCH = YES;
				CODE_SIGN_IDENTITY = "";
				"CODE_SIGN_IDENTITY[sdk=iphoneos*]" = "iPhone Developer";
				COPY_PHASE_STRIP = NO;
				DEBUG_INFORMATION_FORMAT = dwarf;
				ENABLE_STRICT_OBJC_MSGSEND = YES;
				ENABLE_TESTABILITY = YES;
				GCC_C_LANGUAGE_STANDARD = gnu99;
				GCC_DYNAMIC_NO_PIC = NO;
				GCC_NO_COMMON_BLOCKS = YES;
				GCC_OPTIMIZATION_LEVEL = 0;
				GCC_PREPROCESSOR_DEFINITIONS = (
					"DEBUG=1",
					"$(inherited)",
				);
				GCC_WARN_64_TO_32_BIT_CONVERSION = YES;
				GCC_WARN_ABOUT_RETURN_TYPE = YES_ERROR;
				GCC_WARN_UNDECLARED_SELECTOR = YES;
				GCC_WARN_UNINITIALIZED_AUTOS = YES_AGGRESSIVE;
				GCC_WARN_UNUSED_FUNCTION = YES;
				GCC_WARN_UNUSED_VARIABLE = YES;
				HEADER_SEARCH_PATHS = "";
				IPHONEOS_DEPLOYMENT_TARGET = 8.0;
				LIBRARY_SEARCH_PATHS = "";
				MTL_ENABLE_DEBUG_INFO = YES;
				ONLY_ACTIVE_ARCH = YES;
				SDKROOT = iphoneos;
			};
			name = Debug;
		};
		38E5F5F41D3DCDBF00AA7E71 /* Release */ = {
			isa = XCBuildConfiguration;
			buildSettings = {
				ALWAYS_SEARCH_USER_PATHS = NO;
				CLANG_ANALYZER_NONNULL = YES;
				CLANG_CXX_LANGUAGE_STANDARD = "gnu++0x";
				CLANG_CXX_LIBRARY = "libc++";
				CLANG_ENABLE_MODULES = YES;
				CLANG_ENABLE_OBJC_ARC = YES;
				CLANG_WARN_BOOL_CONVERSION = YES;
				CLANG_WARN_CONSTANT_CONVERSION = YES;
				CLANG_WARN_DIRECT_OBJC_ISA_USAGE = YES_ERROR;
				CLANG_WARN_EMPTY_BODY = YES;
				CLANG_WARN_ENUM_CONVERSION = YES;
				CLANG_WARN_INT_CONVERSION = YES;
				CLANG_WARN_OBJC_ROOT_CLASS = YES_ERROR;
				CLANG_WARN_UNREACHABLE_CODE = YES;
				CLANG_WARN__DUPLICATE_METHOD_MATCH = YES;
				CODE_SIGN_IDENTITY = "";
				"CODE_SIGN_IDENTITY[sdk=iphoneos*]" = "iPhone Developer";
				COPY_PHASE_STRIP = NO;
				DEBUG_INFORMATION_FORMAT = "dwarf-with-dsym";
				ENABLE_NS_ASSERTIONS = NO;
				ENABLE_STRICT_OBJC_MSGSEND = YES;
				GCC_C_LANGUAGE_STANDARD = gnu99;
				GCC_NO_COMMON_BLOCKS = YES;
				GCC_WARN_64_TO_32_BIT_CONVERSION = YES;
				GCC_WARN_ABOUT_RETURN_TYPE = YES_ERROR;
				GCC_WARN_UNDECLARED_SELECTOR = YES;
				GCC_WARN_UNINITIALIZED_AUTOS = YES_AGGRESSIVE;
				GCC_WARN_UNUSED_FUNCTION = YES;
				GCC_WARN_UNUSED_VARIABLE = YES;
				HEADER_SEARCH_PATHS = "";
				IPHONEOS_DEPLOYMENT_TARGET = 8.0;
				LIBRARY_SEARCH_PATHS = "";
				MTL_ENABLE_DEBUG_INFO = YES;
				SDKROOT = iphoneos;
				VALIDATE_PRODUCT = YES;
			};
			name = Release;
		};
		38E5F5F61D3DCDBF00AA7E71 /* Debug */ = {
			isa = XCBuildConfiguration;
			buildSettings = {
				HEADER_SEARCH_PATHS = (
					"$(BUILT_PRODUCTS_DIR)/usr/local/include",
					"$(inherited)",
					"$(SRCROOT)/../../react-native/Libraries/**",
					"$(SRCROOT)/../../react-native/React/**",
					/Applications/Xcode.app/Contents/Developer/Toolchains/XcodeDefault.xctoolchain/usr/include,
				);
				LIBRARY_SEARCH_PATHS = "";
				OTHER_LDFLAGS = "-ObjC";
				PRODUCT_NAME = "$(TARGET_NAME)";
				SKIP_INSTALL = YES;
			};
			name = Debug;
		};
		38E5F5F71D3DCDBF00AA7E71 /* Release */ = {
			isa = XCBuildConfiguration;
			buildSettings = {
				HEADER_SEARCH_PATHS = (
					"$(BUILT_PRODUCTS_DIR)/usr/local/include",
					"$(inherited)",
					"$(SRCROOT)/../../react-native/Libraries/**",
					"$(SRCROOT)/../../react-native/React/**",
					/Applications/Xcode.app/Contents/Developer/Toolchains/XcodeDefault.xctoolchain/usr/include,
				);
				LIBRARY_SEARCH_PATHS = "";
				OTHER_LDFLAGS = "-ObjC";
				PRODUCT_NAME = "$(TARGET_NAME)";
				SKIP_INSTALL = YES;
			};
			name = Release;
		};
/* End XCBuildConfiguration section */

/* Begin XCConfigurationList section */
		38E5F5E71D3DCDBF00AA7E71 /* Build configuration list for PBXProject "RCTImageMarker" */ = {
			isa = XCConfigurationList;
			buildConfigurations = (
				38E5F5F31D3DCDBF00AA7E71 /* Debug */,
				38E5F5F41D3DCDBF00AA7E71 /* Release */,
			);
			defaultConfigurationIsVisible = 0;
			defaultConfigurationName = Release;
		};
		38E5F5F51D3DCDBF00AA7E71 /* Build configuration list for PBXNativeTarget "RCTImageMarker" */ = {
			isa = XCConfigurationList;
			buildConfigurations = (
				38E5F5F61D3DCDBF00AA7E71 /* Debug */,
				38E5F5F71D3DCDBF00AA7E71 /* Release */,
			);
			defaultConfigurationIsVisible = 0;
			defaultConfigurationName = Release;
		};
/* End XCConfigurationList section */
	};
	rootObject = 38E5F5E41D3DCDBF00AA7E71 /* Project object */;
}
