// !$*UTF8*$!
{
	archiveVersion = 1;
	classes = {
	};
	objectVersion = 46;
	objects = {

/* Begin PBXBuildFile section */
		13B07FBC1A68108700A75B9A /* AppDelegate.m in Sources */ = {isa = PBXBuildFile; fileRef = 13B07FB01A68108700A75B9A /* AppDelegate.m */; };
		13B07FBD1A68108700A75B9A /* LaunchScreen.xib in Resources */ = {isa = PBXBuildFile; fileRef = 13B07FB11A68108700A75B9A /* LaunchScreen.xib */; };
		13B07FBF1A68108700A75B9A /* Images.xcassets in Resources */ = {isa = PBXBuildFile; fileRef = 13B07FB51A68108700A75B9A /* Images.xcassets */; };
		13B07FC11A68108700A75B9A /* main.m in Sources */ = {isa = PBXBuildFile; fileRef = 13B07FB71A68108700A75B9A /* main.m */; };
		9846B7E96BCEB0451FC4D6E4 /* libPods-markerExample.a in Frameworks */ = {isa = PBXBuildFile; fileRef = 1C7261479AE625B7B875BEF0 /* libPods-markerExample.a */; };
		A11BA555234DC45F00A45936 /* libYoga.a in Frameworks */ = {isa = PBXBuildFile; fileRef = A17EB31A234C8D4100674A06 /* libYoga.a */; };
		A14A02E622112EFC001E2004 /* libstdc++.tbd in Frameworks */ = {isa = PBXBuildFile; fileRef = A14A02B622112EFC001E2004 /* libstdc++.tbd */; };
		A14A02E8221131C4001E2004 /* JavaScriptCore.framework in Frameworks */ = {isa = PBXBuildFile; fileRef = A14A02E7221131C4001E2004 /* JavaScriptCore.framework */; };
/* End PBXBuildFile section */

/* Begin PBXContainerItemProxy section */
		A11BA583234DCC1B00A45936 /* PBXContainerItemProxy */ = {
			isa = PBXContainerItemProxy;
			containerPortal = A11BA57F234DCC1A00A45936 /* RCTImageMarker.xcodeproj */;
			proxyType = 2;
			remoteGlobalIDString = 38E5F5EC1D3DCDBF00AA7E71;
			remoteInfo = RCTImageMarker;
		};
		A17EB2E9234C8D4100674A06 /* PBXContainerItemProxy */ = {
			isa = PBXContainerItemProxy;
			containerPortal = A17EB2CD234C8D4100674A06 /* Pods.xcodeproj */;
			proxyType = 2;
			remoteGlobalIDString = BFD80604D584E264FA58615C5DA19A3C;
			remoteInfo = DoubleConversion;
		};
		A17EB2EB234C8D4100674A06 /* PBXContainerItemProxy */ = {
			isa = PBXContainerItemProxy;
			containerPortal = A17EB2CD234C8D4100674A06 /* Pods.xcodeproj */;
			proxyType = 2;
			remoteGlobalIDString = 28327CD96FBDFAD62D36CF777198A140;
			remoteInfo = FBReactNativeSpec;
		};
		A17EB2ED234C8D4100674A06 /* PBXContainerItemProxy */ = {
			isa = PBXContainerItemProxy;
			containerPortal = A17EB2CD234C8D4100674A06 /* Pods.xcodeproj */;
			proxyType = 2;
			remoteGlobalIDString = 19E0D144D4CB016650AFF5BB5EA732AB;
			remoteInfo = Folly;
		};
		A17EB2EF234C8D4100674A06 /* PBXContainerItemProxy */ = {
			isa = PBXContainerItemProxy;
			containerPortal = A17EB2CD234C8D4100674A06 /* Pods.xcodeproj */;
			proxyType = 2;
			remoteGlobalIDString = 72C57A9E071103C71F6A4B8A2494D19C;
			remoteInfo = glog;
		};
		A17EB2F1234C8D4100674A06 /* PBXContainerItemProxy */ = {
			isa = PBXContainerItemProxy;
			containerPortal = A17EB2CD234C8D4100674A06 /* Pods.xcodeproj */;
			proxyType = 2;
			remoteGlobalIDString = A127E7FF7A1E0366F64524A66EA2B6D7;
			remoteInfo = "Pods-markerExample";
		};
		A17EB2F3234C8D4100674A06 /* PBXContainerItemProxy */ = {
			isa = PBXContainerItemProxy;
			containerPortal = A17EB2CD234C8D4100674A06 /* Pods.xcodeproj */;
			proxyType = 2;
			remoteGlobalIDString = 0EC50B172D8499FA5228732E2EBB4D19;
			remoteInfo = RCTTypeSafety;
		};
		A17EB2F5234C8D4100674A06 /* PBXContainerItemProxy */ = {
			isa = PBXContainerItemProxy;
			containerPortal = A17EB2CD234C8D4100674A06 /* Pods.xcodeproj */;
			proxyType = 2;
			remoteGlobalIDString = 752C08E226EA476537CC7CBA1C8748F3;
			remoteInfo = "React-Core";
		};
		A17EB2F7234C8D4100674A06 /* PBXContainerItemProxy */ = {
			isa = PBXContainerItemProxy;
			containerPortal = A17EB2CD234C8D4100674A06 /* Pods.xcodeproj */;
			proxyType = 2;
			remoteGlobalIDString = 39ED2C8FDB6DD37B447C81D7213B99F3;
			remoteInfo = "React-CoreModules";
		};
		A17EB2F9234C8D4100674A06 /* PBXContainerItemProxy */ = {
			isa = PBXContainerItemProxy;
			containerPortal = A17EB2CD234C8D4100674A06 /* Pods.xcodeproj */;
			proxyType = 2;
			remoteGlobalIDString = 3F33C94D30264DD2700729FB0EF854C9;
			remoteInfo = "React-cxxreact";
		};
		A17EB2FB234C8D4100674A06 /* PBXContainerItemProxy */ = {
			isa = PBXContainerItemProxy;
			containerPortal = A17EB2CD234C8D4100674A06 /* Pods.xcodeproj */;
			proxyType = 2;
			remoteGlobalIDString = 0B17BB539A414F1E9ADFF241876C1AEC;
			remoteInfo = "React-jsi";
		};
		A17EB2FD234C8D4100674A06 /* PBXContainerItemProxy */ = {
			isa = PBXContainerItemProxy;
			containerPortal = A17EB2CD234C8D4100674A06 /* Pods.xcodeproj */;
			proxyType = 2;
			remoteGlobalIDString = 76B6A4625319A0D963646BFDA2C7178B;
			remoteInfo = "React-jsiexecutor";
		};
		A17EB2FF234C8D4100674A06 /* PBXContainerItemProxy */ = {
			isa = PBXContainerItemProxy;
			containerPortal = A17EB2CD234C8D4100674A06 /* Pods.xcodeproj */;
			proxyType = 2;
			remoteGlobalIDString = 4A771EA6D9B98DC99EC65F525589D91A;
			remoteInfo = "React-jsinspector";
		};
		A17EB301234C8D4100674A06 /* PBXContainerItemProxy */ = {
			isa = PBXContainerItemProxy;
			containerPortal = A17EB2CD234C8D4100674A06 /* Pods.xcodeproj */;
			proxyType = 2;
			remoteGlobalIDString = 2587428C4C747F2446D2DBAC0D994930;
			remoteInfo = "react-native-image-picker";
		};
		A17EB303234C8D4100674A06 /* PBXContainerItemProxy */ = {
			isa = PBXContainerItemProxy;
			containerPortal = A17EB2CD234C8D4100674A06 /* Pods.xcodeproj */;
			proxyType = 2;
			remoteGlobalIDString = 572C7FCCEA46AE7429B4EE4D190FBDCC;
			remoteInfo = "React-RCTActionSheet";
		};
		A17EB305234C8D4100674A06 /* PBXContainerItemProxy */ = {
			isa = PBXContainerItemProxy;
			containerPortal = A17EB2CD234C8D4100674A06 /* Pods.xcodeproj */;
			proxyType = 2;
			remoteGlobalIDString = C51D0BCA81912AC0A123119647648813;
			remoteInfo = "React-RCTAnimation";
		};
		A17EB307234C8D4100674A06 /* PBXContainerItemProxy */ = {
			isa = PBXContainerItemProxy;
			containerPortal = A17EB2CD234C8D4100674A06 /* Pods.xcodeproj */;
			proxyType = 2;
			remoteGlobalIDString = 3910FC5BF7F955F7F698C6829C8161BB;
			remoteInfo = "React-RCTBlob";
		};
		A17EB309234C8D4100674A06 /* PBXContainerItemProxy */ = {
			isa = PBXContainerItemProxy;
			containerPortal = A17EB2CD234C8D4100674A06 /* Pods.xcodeproj */;
			proxyType = 2;
			remoteGlobalIDString = 3E1B15E801281C2F8B324CF04AA94764;
			remoteInfo = "React-RCTImage";
		};
		A17EB30B234C8D4100674A06 /* PBXContainerItemProxy */ = {
			isa = PBXContainerItemProxy;
			containerPortal = A17EB2CD234C8D4100674A06 /* Pods.xcodeproj */;
			proxyType = 2;
			remoteGlobalIDString = 202C6718A0EAA9D6F637BA984F1C5D09;
			remoteInfo = "React-RCTLinking";
		};
		A17EB30D234C8D4100674A06 /* PBXContainerItemProxy */ = {
			isa = PBXContainerItemProxy;
			containerPortal = A17EB2CD234C8D4100674A06 /* Pods.xcodeproj */;
			proxyType = 2;
			remoteGlobalIDString = 01A270D47A418B9E37F59E5A45B021EE;
			remoteInfo = "React-RCTNetwork";
		};
		A17EB30F234C8D4100674A06 /* PBXContainerItemProxy */ = {
			isa = PBXContainerItemProxy;
			containerPortal = A17EB2CD234C8D4100674A06 /* Pods.xcodeproj */;
			proxyType = 2;
			remoteGlobalIDString = 7AAC082A269A5AE98809041473AFE8E3;
			remoteInfo = "React-RCTSettings";
		};
		A17EB311234C8D4100674A06 /* PBXContainerItemProxy */ = {
			isa = PBXContainerItemProxy;
			containerPortal = A17EB2CD234C8D4100674A06 /* Pods.xcodeproj */;
			proxyType = 2;
			remoteGlobalIDString = 6C55AE74BA63B55CE9323009129A59DF;
			remoteInfo = "React-RCTText";
		};
		A17EB313234C8D4100674A06 /* PBXContainerItemProxy */ = {
			isa = PBXContainerItemProxy;
			containerPortal = A17EB2CD234C8D4100674A06 /* Pods.xcodeproj */;
			proxyType = 2;
			remoteGlobalIDString = 01664EEDB58F3686F26E64E2F922D279;
			remoteInfo = "React-RCTVibration";
		};
		A17EB315234C8D4100674A06 /* PBXContainerItemProxy */ = {
			isa = PBXContainerItemProxy;
			containerPortal = A17EB2CD234C8D4100674A06 /* Pods.xcodeproj */;
			proxyType = 2;
			remoteGlobalIDString = 65662DABD25F255201C9B865AB9C8F8C;
			remoteInfo = ReactCommon;
		};
		A17EB317234C8D4100674A06 /* PBXContainerItemProxy */ = {
			isa = PBXContainerItemProxy;
			containerPortal = A17EB2CD234C8D4100674A06 /* Pods.xcodeproj */;
			proxyType = 2;
			remoteGlobalIDString = 1E92ED8BD8A1CF76182D7AF4EAFB58D7;
			remoteInfo = RNImageMarker;
		};
		A17EB319234C8D4100674A06 /* PBXContainerItemProxy */ = {
			isa = PBXContainerItemProxy;
			containerPortal = A17EB2CD234C8D4100674A06 /* Pods.xcodeproj */;
			proxyType = 2;
			remoteGlobalIDString = 6D637D7110624C2AE6035C8EBA4ABCBA;
			remoteInfo = Yoga;
		};
/* End PBXContainerItemProxy section */

/* Begin PBXFileReference section */
		008F07F21AC5B25A0029DE68 /* main.jsbundle */ = {isa = PBXFileReference; fileEncoding = 4; lastKnownFileType = text; path = main.jsbundle; sourceTree = "<group>"; };
		00E356F11AD99517003FC87E /* Info.plist */ = {isa = PBXFileReference; lastKnownFileType = text.plist.xml; path = Info.plist; sourceTree = "<group>"; };
		00E356F21AD99517003FC87E /* markerExampleTests.m */ = {isa = PBXFileReference; lastKnownFileType = sourcecode.c.objc; path = markerExampleTests.m; sourceTree = "<group>"; };
		13B07F961A680F5B00A75B9A /* markerExample.app */ = {isa = PBXFileReference; explicitFileType = wrapper.application; includeInIndex = 0; path = markerExample.app; sourceTree = BUILT_PRODUCTS_DIR; };
		13B07FAF1A68108700A75B9A /* AppDelegate.h */ = {isa = PBXFileReference; fileEncoding = 4; lastKnownFileType = sourcecode.c.h; name = AppDelegate.h; path = markerExample/AppDelegate.h; sourceTree = "<group>"; };
		13B07FB01A68108700A75B9A /* AppDelegate.m */ = {isa = PBXFileReference; fileEncoding = 4; lastKnownFileType = sourcecode.c.objc; name = AppDelegate.m; path = markerExample/AppDelegate.m; sourceTree = "<group>"; };
		13B07FB21A68108700A75B9A /* Base */ = {isa = PBXFileReference; lastKnownFileType = file.xib; name = Base; path = Base.lproj/LaunchScreen.xib; sourceTree = "<group>"; };
		13B07FB51A68108700A75B9A /* Images.xcassets */ = {isa = PBXFileReference; lastKnownFileType = folder.assetcatalog; name = Images.xcassets; path = markerExample/Images.xcassets; sourceTree = "<group>"; };
		13B07FB61A68108700A75B9A /* Info.plist */ = {isa = PBXFileReference; fileEncoding = 4; lastKnownFileType = text.plist.xml; name = Info.plist; path = markerExample/Info.plist; sourceTree = "<group>"; };
		13B07FB71A68108700A75B9A /* main.m */ = {isa = PBXFileReference; fileEncoding = 4; lastKnownFileType = sourcecode.c.objc; name = main.m; path = markerExample/main.m; sourceTree = "<group>"; };
		1AE380C8E5513ECB91156224 /* Pods-markerExample.debug.xcconfig */ = {isa = PBXFileReference; includeInIndex = 1; lastKnownFileType = text.xcconfig; name = "Pods-markerExample.debug.xcconfig"; path = "Pods/Target Support Files/Pods-markerExample/Pods-markerExample.debug.xcconfig"; sourceTree = "<group>"; };
		1C7261479AE625B7B875BEF0 /* libPods-markerExample.a */ = {isa = PBXFileReference; explicitFileType = archive.ar; includeInIndex = 0; path = "libPods-markerExample.a"; sourceTree = BUILT_PRODUCTS_DIR; };
		2538B9AEABDA8D5B14676998 /* libPods-markerExampleTests.a */ = {isa = PBXFileReference; explicitFileType = archive.ar; includeInIndex = 0; path = "libPods-markerExampleTests.a"; sourceTree = BUILT_PRODUCTS_DIR; };
		2D16E6891FA4F8E400B85C8A /* libReact.a */ = {isa = PBXFileReference; explicitFileType = archive.ar; path = libReact.a; sourceTree = BUILT_PRODUCTS_DIR; };
		326C9AEC9E4D7A80C2CC81AB /* Pods-markerExample.release.xcconfig */ = {isa = PBXFileReference; includeInIndex = 1; lastKnownFileType = text.xcconfig; name = "Pods-markerExample.release.xcconfig"; path = "Pods/Target Support Files/Pods-markerExample/Pods-markerExample.release.xcconfig"; sourceTree = "<group>"; };
		67D5C7074B7749BAA5E8156A /* libRNImagePicker.a */ = {isa = PBXFileReference; explicitFileType = undefined; fileEncoding = 9; includeInIndex = 0; lastKnownFileType = archive.ar; path = libRNImagePicker.a; sourceTree = "<group>"; };
		A11BA57F234DCC1A00A45936 /* RCTImageMarker.xcodeproj */ = {isa = PBXFileReference; lastKnownFileType = "wrapper.pb-project"; name = RCTImageMarker.xcodeproj; path = ../../../ios/RCTImageMarker.xcodeproj; sourceTree = "<group>"; };
		A14A02B622112EFC001E2004 /* libstdc++.tbd */ = {isa = PBXFileReference; lastKnownFileType = "sourcecode.text-based-dylib-definition"; name = "libstdc++.tbd"; path = "usr/lib/libstdc++.tbd"; sourceTree = SDKROOT; };
		A14A02E7221131C4001E2004 /* JavaScriptCore.framework */ = {isa = PBXFileReference; lastKnownFileType = wrapper.framework; name = JavaScriptCore.framework; path = System/Library/Frameworks/JavaScriptCore.framework; sourceTree = SDKROOT; };
		A17EB2CD234C8D4100674A06 /* Pods.xcodeproj */ = {isa = PBXFileReference; lastKnownFileType = "wrapper.pb-project"; name = Pods.xcodeproj; path = Pods/Pods.xcodeproj; sourceTree = "<group>"; };
		C6D82152CCC0428D9D98BCC1 /* libRCTImageMarker.a */ = {isa = PBXFileReference; explicitFileType = undefined; fileEncoding = 9; includeInIndex = 0; lastKnownFileType = archive.ar; path = libRCTImageMarker.a; sourceTree = "<group>"; };
/* End PBXFileReference section */

/* Begin PBXFrameworksBuildPhase section */
		13B07F8C1A680F5B00A75B9A /* Frameworks */ = {
			isa = PBXFrameworksBuildPhase;
			buildActionMask = 2147483647;
			files = (
				A11BA555234DC45F00A45936 /* libYoga.a in Frameworks */,
				A14A02E8221131C4001E2004 /* JavaScriptCore.framework in Frameworks */,
				A14A02E622112EFC001E2004 /* libstdc++.tbd in Frameworks */,
				9846B7E96BCEB0451FC4D6E4 /* libPods-markerExample.a in Frameworks */,
			);
			runOnlyForDeploymentPostprocessing = 0;
		};
/* End PBXFrameworksBuildPhase section */

/* Begin PBXGroup section */
		00E356EF1AD99517003FC87E /* markerExampleTests */ = {
			isa = PBXGroup;
			children = (
				00E356F21AD99517003FC87E /* markerExampleTests.m */,
				00E356F01AD99517003FC87E /* Supporting Files */,
			);
			path = markerExampleTests;
			sourceTree = "<group>";
		};
		00E356F01AD99517003FC87E /* Supporting Files */ = {
			isa = PBXGroup;
			children = (
				00E356F11AD99517003FC87E /* Info.plist */,
			);
			name = "Supporting Files";
			sourceTree = "<group>";
		};
		13B07FAE1A68108700A75B9A /* markerExample */ = {
			isa = PBXGroup;
			children = (
				008F07F21AC5B25A0029DE68 /* main.jsbundle */,
				13B07FAF1A68108700A75B9A /* AppDelegate.h */,
				13B07FB01A68108700A75B9A /* AppDelegate.m */,
				13B07FB51A68108700A75B9A /* Images.xcassets */,
				13B07FB61A68108700A75B9A /* Info.plist */,
				13B07FB11A68108700A75B9A /* LaunchScreen.xib */,
				13B07FB71A68108700A75B9A /* main.m */,
			);
			name = markerExample;
			sourceTree = "<group>";
		};
		2D16E6871FA4F8E400B85C8A /* Frameworks */ = {
			isa = PBXGroup;
			children = (
				A14A02E7221131C4001E2004 /* JavaScriptCore.framework */,
				A14A02B622112EFC001E2004 /* libstdc++.tbd */,
				2D16E6891FA4F8E400B85C8A /* libReact.a */,
				1C7261479AE625B7B875BEF0 /* libPods-markerExample.a */,
				2538B9AEABDA8D5B14676998 /* libPods-markerExampleTests.a */,
			);
			name = Frameworks;
			sourceTree = "<group>";
		};
		832341AE1AAA6A7D00B99B32 /* Libraries */ = {
			isa = PBXGroup;
			children = (
				A11BA57F234DCC1A00A45936 /* RCTImageMarker.xcodeproj */,
			);
			name = Libraries;
			sourceTree = "<group>";
		};
		83CBB9F61A601CBA00E9B192 = {
			isa = PBXGroup;
			children = (
				13B07FAE1A68108700A75B9A /* markerExample */,
				832341AE1AAA6A7D00B99B32 /* Libraries */,
				00E356EF1AD99517003FC87E /* markerExampleTests */,
				83CBBA001A601CBA00E9B192 /* Products */,
				2D16E6871FA4F8E400B85C8A /* Frameworks */,
				A15CD6FB21DD206B00A9EE1B /* Recovered References */,
				9FD2BA5EA99D9E2783D13469 /* Pods */,
			);
			indentWidth = 2;
			sourceTree = "<group>";
			tabWidth = 2;
			usesTabs = 0;
		};
		83CBBA001A601CBA00E9B192 /* Products */ = {
			isa = PBXGroup;
			children = (
				13B07F961A680F5B00A75B9A /* markerExample.app */,
			);
			name = Products;
			sourceTree = "<group>";
		};
		9FD2BA5EA99D9E2783D13469 /* Pods */ = {
			isa = PBXGroup;
			children = (
				A17EB2CD234C8D4100674A06 /* Pods.xcodeproj */,
				1AE380C8E5513ECB91156224 /* Pods-markerExample.debug.xcconfig */,
				326C9AEC9E4D7A80C2CC81AB /* Pods-markerExample.release.xcconfig */,
			);
			name = Pods;
			sourceTree = "<group>";
		};
		A11BA580234DCC1A00A45936 /* Products */ = {
			isa = PBXGroup;
			children = (
				A11BA584234DCC1B00A45936 /* libRCTImageMarker.a */,
			);
			name = Products;
			sourceTree = "<group>";
		};
		A15CD6FB21DD206B00A9EE1B /* Recovered References */ = {
			isa = PBXGroup;
			children = (
				C6D82152CCC0428D9D98BCC1 /* libRCTImageMarker.a */,
				67D5C7074B7749BAA5E8156A /* libRNImagePicker.a */,
			);
			name = "Recovered References";
			sourceTree = "<group>";
		};
		A17EB2CE234C8D4100674A06 /* Products */ = {
			isa = PBXGroup;
			children = (
				A17EB2EA234C8D4100674A06 /* libDoubleConversion.a */,
				A17EB2EC234C8D4100674A06 /* libFBReactNativeSpec.a */,
				A17EB2EE234C8D4100674A06 /* libFolly.a */,
				A17EB2F0234C8D4100674A06 /* libglog.a */,
				A17EB2F2234C8D4100674A06 /* libPods-markerExample.a */,
				A17EB2F4234C8D4100674A06 /* libRCTTypeSafety.a */,
				A17EB2F6234C8D4100674A06 /* libReact-Core.a */,
				A17EB2F8234C8D4100674A06 /* libReact-CoreModules.a */,
				A17EB2FA234C8D4100674A06 /* libReact-cxxreact.a */,
				A17EB2FC234C8D4100674A06 /* libReact-jsi.a */,
				A17EB2FE234C8D4100674A06 /* libReact-jsiexecutor.a */,
				A17EB300234C8D4100674A06 /* libReact-jsinspector.a */,
				A17EB302234C8D4100674A06 /* libreact-native-image-picker.a */,
				A17EB304234C8D4100674A06 /* libReact-RCTActionSheet.a */,
				A17EB306234C8D4100674A06 /* libReact-RCTAnimation.a */,
				A17EB308234C8D4100674A06 /* libReact-RCTBlob.a */,
				A17EB30A234C8D4100674A06 /* libReact-RCTImage.a */,
				A17EB30C234C8D4100674A06 /* libReact-RCTLinking.a */,
				A17EB30E234C8D4100674A06 /* libReact-RCTNetwork.a */,
				A17EB310234C8D4100674A06 /* libReact-RCTSettings.a */,
				A17EB312234C8D4100674A06 /* libReact-RCTText.a */,
				A17EB314234C8D4100674A06 /* libReact-RCTVibration.a */,
				A17EB316234C8D4100674A06 /* libReactCommon.a */,
				A17EB318234C8D4100674A06 /* libRNImageMarker.a */,
				A17EB31A234C8D4100674A06 /* libYoga.a */,
			);
			name = Products;
			sourceTree = "<group>";
		};
/* End PBXGroup section */

/* Begin PBXNativeTarget section */
		13B07F861A680F5B00A75B9A /* markerExample */ = {
			isa = PBXNativeTarget;
			buildConfigurationList = 13B07F931A680F5B00A75B9A /* Build configuration list for PBXNativeTarget "markerExample" */;
			buildPhases = (
				F7D5E5DB590F83303B8EFA58 /* [CP] Check Pods Manifest.lock */,
				13B07F871A680F5B00A75B9A /* Sources */,
				13B07F8C1A680F5B00A75B9A /* Frameworks */,
				13B07F8E1A680F5B00A75B9A /* Resources */,
				00DD1BFF1BD5951E006B06BC /* Bundle React Native code and images */,
				A11BA559234DC5D000A45936 /* [CP] Copy Pods Resources */,
			);
			buildRules = (
			);
			dependencies = (
			);
			name = markerExample;
			productName = "Hello World";
			productReference = 13B07F961A680F5B00A75B9A /* markerExample.app */;
			productType = "com.apple.product-type.application";
		};
/* End PBXNativeTarget section */

/* Begin PBXProject section */
		83CBB9F71A601CBA00E9B192 /* Project object */ = {
			isa = PBXProject;
			attributes = {
				LastUpgradeCheck = 940;
				ORGANIZATIONNAME = Facebook;
			};
			buildConfigurationList = 83CBB9FA1A601CBA00E9B192 /* Build configuration list for PBXProject "markerExample" */;
			compatibilityVersion = "Xcode 3.2";
			developmentRegion = English;
			hasScannedForEncodings = 0;
			knownRegions = (
				English,
				en,
				Base,
			);
			mainGroup = 83CBB9F61A601CBA00E9B192;
			productRefGroup = 83CBBA001A601CBA00E9B192 /* Products */;
			projectDirPath = "";
			projectReferences = (
				{
					ProductGroup = A17EB2CE234C8D4100674A06 /* Products */;
					ProjectRef = A17EB2CD234C8D4100674A06 /* Pods.xcodeproj */;
				},
				{
					ProductGroup = A11BA580234DCC1A00A45936 /* Products */;
					ProjectRef = A11BA57F234DCC1A00A45936 /* RCTImageMarker.xcodeproj */;
				},
			);
			projectRoot = "";
			targets = (
				13B07F861A680F5B00A75B9A /* markerExample */,
			);
		};
/* End PBXProject section */

/* Begin PBXReferenceProxy section */
		A11BA584234DCC1B00A45936 /* libRCTImageMarker.a */ = {
			isa = PBXReferenceProxy;
			fileType = archive.ar;
			path = libRCTImageMarker.a;
			remoteRef = A11BA583234DCC1B00A45936 /* PBXContainerItemProxy */;
			sourceTree = BUILT_PRODUCTS_DIR;
		};
		A17EB2EA234C8D4100674A06 /* libDoubleConversion.a */ = {
			isa = PBXReferenceProxy;
			fileType = archive.ar;
			path = libDoubleConversion.a;
			remoteRef = A17EB2E9234C8D4100674A06 /* PBXContainerItemProxy */;
			sourceTree = BUILT_PRODUCTS_DIR;
		};
		A17EB2EC234C8D4100674A06 /* libFBReactNativeSpec.a */ = {
			isa = PBXReferenceProxy;
			fileType = archive.ar;
			path = libFBReactNativeSpec.a;
			remoteRef = A17EB2EB234C8D4100674A06 /* PBXContainerItemProxy */;
			sourceTree = BUILT_PRODUCTS_DIR;
		};
		A17EB2EE234C8D4100674A06 /* libFolly.a */ = {
			isa = PBXReferenceProxy;
			fileType = archive.ar;
			path = libFolly.a;
			remoteRef = A17EB2ED234C8D4100674A06 /* PBXContainerItemProxy */;
			sourceTree = BUILT_PRODUCTS_DIR;
		};
		A17EB2F0234C8D4100674A06 /* libglog.a */ = {
			isa = PBXReferenceProxy;
			fileType = archive.ar;
			path = libglog.a;
			remoteRef = A17EB2EF234C8D4100674A06 /* PBXContainerItemProxy */;
			sourceTree = BUILT_PRODUCTS_DIR;
		};
		A17EB2F2234C8D4100674A06 /* libPods-markerExample.a */ = {
			isa = PBXReferenceProxy;
			fileType = archive.ar;
			path = "libPods-markerExample.a";
			remoteRef = A17EB2F1234C8D4100674A06 /* PBXContainerItemProxy */;
			sourceTree = BUILT_PRODUCTS_DIR;
		};
		A17EB2F4234C8D4100674A06 /* libRCTTypeSafety.a */ = {
			isa = PBXReferenceProxy;
			fileType = archive.ar;
			path = libRCTTypeSafety.a;
			remoteRef = A17EB2F3234C8D4100674A06 /* PBXContainerItemProxy */;
			sourceTree = BUILT_PRODUCTS_DIR;
		};
		A17EB2F6234C8D4100674A06 /* libReact-Core.a */ = {
			isa = PBXReferenceProxy;
			fileType = archive.ar;
			path = "libReact-Core.a";
			remoteRef = A17EB2F5234C8D4100674A06 /* PBXContainerItemProxy */;
			sourceTree = BUILT_PRODUCTS_DIR;
		};
		A17EB2F8234C8D4100674A06 /* libReact-CoreModules.a */ = {
			isa = PBXReferenceProxy;
			fileType = archive.ar;
			path = "libReact-CoreModules.a";
			remoteRef = A17EB2F7234C8D4100674A06 /* PBXContainerItemProxy */;
			sourceTree = BUILT_PRODUCTS_DIR;
		};
		A17EB2FA234C8D4100674A06 /* libReact-cxxreact.a */ = {
			isa = PBXReferenceProxy;
			fileType = archive.ar;
			path = "libReact-cxxreact.a";
			remoteRef = A17EB2F9234C8D4100674A06 /* PBXContainerItemProxy */;
			sourceTree = BUILT_PRODUCTS_DIR;
		};
		A17EB2FC234C8D4100674A06 /* libReact-jsi.a */ = {
			isa = PBXReferenceProxy;
			fileType = archive.ar;
			path = "libReact-jsi.a";
			remoteRef = A17EB2FB234C8D4100674A06 /* PBXContainerItemProxy */;
			sourceTree = BUILT_PRODUCTS_DIR;
		};
		A17EB2FE234C8D4100674A06 /* libReact-jsiexecutor.a */ = {
			isa = PBXReferenceProxy;
			fileType = archive.ar;
			path = "libReact-jsiexecutor.a";
			remoteRef = A17EB2FD234C8D4100674A06 /* PBXContainerItemProxy */;
			sourceTree = BUILT_PRODUCTS_DIR;
		};
		A17EB300234C8D4100674A06 /* libReact-jsinspector.a */ = {
			isa = PBXReferenceProxy;
			fileType = archive.ar;
			path = "libReact-jsinspector.a";
			remoteRef = A17EB2FF234C8D4100674A06 /* PBXContainerItemProxy */;
			sourceTree = BUILT_PRODUCTS_DIR;
		};
		A17EB302234C8D4100674A06 /* libreact-native-image-picker.a */ = {
			isa = PBXReferenceProxy;
			fileType = archive.ar;
			path = "libreact-native-image-picker.a";
			remoteRef = A17EB301234C8D4100674A06 /* PBXContainerItemProxy */;
			sourceTree = BUILT_PRODUCTS_DIR;
		};
		A17EB304234C8D4100674A06 /* libReact-RCTActionSheet.a */ = {
			isa = PBXReferenceProxy;
			fileType = archive.ar;
			path = "libReact-RCTActionSheet.a";
			remoteRef = A17EB303234C8D4100674A06 /* PBXContainerItemProxy */;
			sourceTree = BUILT_PRODUCTS_DIR;
		};
		A17EB306234C8D4100674A06 /* libReact-RCTAnimation.a */ = {
			isa = PBXReferenceProxy;
			fileType = archive.ar;
			path = "libReact-RCTAnimation.a";
			remoteRef = A17EB305234C8D4100674A06 /* PBXContainerItemProxy */;
			sourceTree = BUILT_PRODUCTS_DIR;
		};
		A17EB308234C8D4100674A06 /* libReact-RCTBlob.a */ = {
			isa = PBXReferenceProxy;
			fileType = archive.ar;
			path = "libReact-RCTBlob.a";
			remoteRef = A17EB307234C8D4100674A06 /* PBXContainerItemProxy */;
			sourceTree = BUILT_PRODUCTS_DIR;
		};
		A17EB30A234C8D4100674A06 /* libReact-RCTImage.a */ = {
			isa = PBXReferenceProxy;
			fileType = archive.ar;
			path = "libReact-RCTImage.a";
			remoteRef = A17EB309234C8D4100674A06 /* PBXContainerItemProxy */;
			sourceTree = BUILT_PRODUCTS_DIR;
		};
		A17EB30C234C8D4100674A06 /* libReact-RCTLinking.a */ = {
			isa = PBXReferenceProxy;
			fileType = archive.ar;
			path = "libReact-RCTLinking.a";
			remoteRef = A17EB30B234C8D4100674A06 /* PBXContainerItemProxy */;
			sourceTree = BUILT_PRODUCTS_DIR;
		};
		A17EB30E234C8D4100674A06 /* libReact-RCTNetwork.a */ = {
			isa = PBXReferenceProxy;
			fileType = archive.ar;
			path = "libReact-RCTNetwork.a";
			remoteRef = A17EB30D234C8D4100674A06 /* PBXContainerItemProxy */;
			sourceTree = BUILT_PRODUCTS_DIR;
		};
		A17EB310234C8D4100674A06 /* libReact-RCTSettings.a */ = {
			isa = PBXReferenceProxy;
			fileType = archive.ar;
			path = "libReact-RCTSettings.a";
			remoteRef = A17EB30F234C8D4100674A06 /* PBXContainerItemProxy */;
			sourceTree = BUILT_PRODUCTS_DIR;
		};
		A17EB312234C8D4100674A06 /* libReact-RCTText.a */ = {
			isa = PBXReferenceProxy;
			fileType = archive.ar;
			path = "libReact-RCTText.a";
			remoteRef = A17EB311234C8D4100674A06 /* PBXContainerItemProxy */;
			sourceTree = BUILT_PRODUCTS_DIR;
		};
		A17EB314234C8D4100674A06 /* libReact-RCTVibration.a */ = {
			isa = PBXReferenceProxy;
			fileType = archive.ar;
			path = "libReact-RCTVibration.a";
			remoteRef = A17EB313234C8D4100674A06 /* PBXContainerItemProxy */;
			sourceTree = BUILT_PRODUCTS_DIR;
		};
		A17EB316234C8D4100674A06 /* libReactCommon.a */ = {
			isa = PBXReferenceProxy;
			fileType = archive.ar;
			path = libReactCommon.a;
			remoteRef = A17EB315234C8D4100674A06 /* PBXContainerItemProxy */;
			sourceTree = BUILT_PRODUCTS_DIR;
		};
		A17EB318234C8D4100674A06 /* libRNImageMarker.a */ = {
			isa = PBXReferenceProxy;
			fileType = archive.ar;
			path = libRNImageMarker.a;
			remoteRef = A17EB317234C8D4100674A06 /* PBXContainerItemProxy */;
			sourceTree = BUILT_PRODUCTS_DIR;
		};
		A17EB31A234C8D4100674A06 /* libYoga.a */ = {
			isa = PBXReferenceProxy;
			fileType = archive.ar;
			path = libYoga.a;
			remoteRef = A17EB319234C8D4100674A06 /* PBXContainerItemProxy */;
			sourceTree = BUILT_PRODUCTS_DIR;
		};
/* End PBXReferenceProxy section */

/* Begin PBXResourcesBuildPhase section */
		13B07F8E1A680F5B00A75B9A /* Resources */ = {
			isa = PBXResourcesBuildPhase;
			buildActionMask = 2147483647;
			files = (
				13B07FBF1A68108700A75B9A /* Images.xcassets in Resources */,
				13B07FBD1A68108700A75B9A /* LaunchScreen.xib in Resources */,
			);
			runOnlyForDeploymentPostprocessing = 0;
		};
/* End PBXResourcesBuildPhase section */

/* Begin PBXShellScriptBuildPhase section */
		00DD1BFF1BD5951E006B06BC /* Bundle React Native code and images */ = {
			isa = PBXShellScriptBuildPhase;
			buildActionMask = 2147483647;
			files = (
			);
			inputPaths = (
			);
			name = "Bundle React Native code and images";
			outputPaths = (
			);
			runOnlyForDeploymentPostprocessing = 0;
			shellPath = /bin/sh;
			shellScript = "export NODE_BINARY=node\n../node_modules/react-native/scripts/react-native-xcode.sh\n";
		};
		A11BA559234DC5D000A45936 /* [CP] Copy Pods Resources */ = {
			isa = PBXShellScriptBuildPhase;
			buildActionMask = 2147483647;
			files = (
			);
			inputFileListPaths = (
			);
			inputPaths = (
				"${SRCROOT}/Pods/Target Support Files/Pods-markerExample/Pods-markerExample-resources.sh",
			);
			name = "[CP] Copy Pods Resources";
			outputFileListPaths = (
			);
			outputPaths = (
			);
			runOnlyForDeploymentPostprocessing = 0;
			shellPath = /bin/sh;
			shellScript = "\"${SRCROOT}/Pods/Target Support Files/Pods-markerExample/Pods-markerExample-resources.sh\"\n";
		};
		F7D5E5DB590F83303B8EFA58 /* [CP] Check Pods Manifest.lock */ = {
			isa = PBXShellScriptBuildPhase;
			buildActionMask = 2147483647;
			files = (
			);
			inputPaths = (
				"${PODS_PODFILE_DIR_PATH}/Podfile.lock",
				"${PODS_ROOT}/Manifest.lock",
			);
			name = "[CP] Check Pods Manifest.lock";
			outputPaths = (
				"$(DERIVED_FILE_DIR)/Pods-markerExample-checkManifestLockResult.txt",
			);
			runOnlyForDeploymentPostprocessing = 0;
			shellPath = /bin/sh;
			shellScript = "diff \"${PODS_PODFILE_DIR_PATH}/Podfile.lock\" \"${PODS_ROOT}/Manifest.lock\" > /dev/null\nif [ $? != 0 ] ; then\n    # print error to STDERR\n    echo \"error: The sandbox is not in sync with the Podfile.lock. Run 'pod install' or update your CocoaPods installation.\" >&2\n    exit 1\nfi\n# This output is used by Xcode 'outputs' to avoid re-running this script phase.\necho \"SUCCESS\" > \"${SCRIPT_OUTPUT_FILE_0}\"\n";
			showEnvVarsInLog = 0;
		};
/* End PBXShellScriptBuildPhase section */

/* Begin PBXSourcesBuildPhase section */
		13B07F871A680F5B00A75B9A /* Sources */ = {
			isa = PBXSourcesBuildPhase;
			buildActionMask = 2147483647;
			files = (
				13B07FBC1A68108700A75B9A /* AppDelegate.m in Sources */,
				13B07FC11A68108700A75B9A /* main.m in Sources */,
			);
			runOnlyForDeploymentPostprocessing = 0;
		};
/* End PBXSourcesBuildPhase section */

/* Begin PBXVariantGroup section */
		13B07FB11A68108700A75B9A /* LaunchScreen.xib */ = {
			isa = PBXVariantGroup;
			children = (
				13B07FB21A68108700A75B9A /* Base */,
			);
			name = LaunchScreen.xib;
			path = markerExample;
			sourceTree = "<group>";
		};
/* End PBXVariantGroup section */

/* Begin XCBuildConfiguration section */
		13B07F941A680F5B00A75B9A /* Debug */ = {
			isa = XCBuildConfiguration;
			baseConfigurationReference = 1AE380C8E5513ECB91156224 /* Pods-markerExample.debug.xcconfig */;
			buildSettings = {
				ASSETCATALOG_COMPILER_APPICON_NAME = AppIcon;
				CURRENT_PROJECT_VERSION = 1;
				DEAD_CODE_STRIPPING = NO;
				HEADER_SEARCH_PATHS = (
					"$(inherited)",
					"$(SRCROOT)/../node_modules/react-native-image-marker/ios/RCTImageMarker",
					"$(SRCROOT)/../node_modules/react-native-image-picker/ios",
				);
				INFOPLIST_FILE = markerExample/Info.plist;
				LD_RUNPATH_SEARCH_PATHS = "$(inherited) @executable_path/Frameworks";
				OTHER_LDFLAGS = (
					"$(inherited)",
					"-ObjC",
					"-lc++",
				);
				PRODUCT_BUNDLE_IDENTIFIER = "org.reactjs.native.example.$(PRODUCT_NAME:rfc1034identifier)";
				PRODUCT_NAME = markerExample;
				VERSIONING_SYSTEM = "apple-generic";
			};
			name = Debug;
		};
		13B07F951A680F5B00A75B9A /* Release */ = {
			isa = XCBuildConfiguration;
			baseConfigurationReference = 326C9AEC9E4D7A80C2CC81AB /* Pods-markerExample.release.xcconfig */;
			buildSettings = {
				ASSETCATALOG_COMPILER_APPICON_NAME = AppIcon;
				CURRENT_PROJECT_VERSION = 1;
				HEADER_SEARCH_PATHS = (
					"$(inherited)",
					"$(SRCROOT)/../node_modules/react-native-image-marker/ios/RCTImageMarker",
					"$(SRCROOT)/../node_modules/react-native-image-picker/ios",
				);
				INFOPLIST_FILE = markerExample/Info.plist;
				LD_RUNPATH_SEARCH_PATHS = "$(inherited) @executable_path/Frameworks";
				OTHER_LDFLAGS = (
					"$(inherited)",
					"-ObjC",
					"-lc++",
				);
				PRODUCT_BUNDLE_IDENTIFIER = "org.reactjs.native.example.$(PRODUCT_NAME:rfc1034identifier)";
				PRODUCT_NAME = markerExample;
				VERSIONING_SYSTEM = "apple-generic";
			};
			name = Release;
		};
		83CBBA201A601CBA00E9B192 /* Debug */ = {
			isa = XCBuildConfiguration;
			buildSettings = {
				ALWAYS_SEARCH_USER_PATHS = NO;
				CLANG_CXX_LANGUAGE_STANDARD = "gnu++0x";
				CLANG_CXX_LIBRARY = "libc++";
				CLANG_ENABLE_MODULES = YES;
				CLANG_ENABLE_OBJC_ARC = YES;
				CLANG_WARN_BLOCK_CAPTURE_AUTORELEASING = YES;
				CLANG_WARN_BOOL_CONVERSION = YES;
				CLANG_WARN_COMMA = YES;
				CLANG_WARN_CONSTANT_CONVERSION = YES;
				CLANG_WARN_DEPRECATED_OBJC_IMPLEMENTATIONS = YES;
				CLANG_WARN_DIRECT_OBJC_ISA_USAGE = YES_ERROR;
				CLANG_WARN_EMPTY_BODY = YES;
				CLANG_WARN_ENUM_CONVERSION = YES;
				CLANG_WARN_INFINITE_RECURSION = YES;
				CLANG_WARN_INT_CONVERSION = YES;
				CLANG_WARN_NON_LITERAL_NULL_CONVERSION = YES;
				CLANG_WARN_OBJC_IMPLICIT_RETAIN_SELF = YES;
				CLANG_WARN_OBJC_LITERAL_CONVERSION = YES;
				CLANG_WARN_OBJC_ROOT_CLASS = YES_ERROR;
				CLANG_WARN_RANGE_LOOP_ANALYSIS = YES;
				CLANG_WARN_STRICT_PROTOTYPES = YES;
				CLANG_WARN_SUSPICIOUS_MOVE = YES;
				CLANG_WARN_UNREACHABLE_CODE = YES;
				CLANG_WARN__DUPLICATE_METHOD_MATCH = YES;
				"CODE_SIGN_IDENTITY[sdk=iphoneos*]" = "iPhone Developer";
				COPY_PHASE_STRIP = NO;
				ENABLE_STRICT_OBJC_MSGSEND = YES;
				ENABLE_TESTABILITY = YES;
				GCC_C_LANGUAGE_STANDARD = gnu99;
				GCC_DYNAMIC_NO_PIC = NO;
				GCC_NO_COMMON_BLOCKS = YES;
				GCC_OPTIMIZATION_LEVEL = 0;
				GCC_PREPROCESSOR_DEFINITIONS = (
					"DEBUG=1",
					"$(inherited)",
				);
				GCC_SYMBOLS_PRIVATE_EXTERN = NO;
				GCC_WARN_64_TO_32_BIT_CONVERSION = YES;
				GCC_WARN_ABOUT_RETURN_TYPE = YES_ERROR;
				GCC_WARN_UNDECLARED_SELECTOR = YES;
				GCC_WARN_UNINITIALIZED_AUTOS = YES_AGGRESSIVE;
				GCC_WARN_UNUSED_FUNCTION = YES;
				GCC_WARN_UNUSED_VARIABLE = YES;
				IPHONEOS_DEPLOYMENT_TARGET = 9.0;
				MTL_ENABLE_DEBUG_INFO = YES;
				ONLY_ACTIVE_ARCH = YES;
				SDKROOT = iphoneos;
			};
			name = Debug;
		};
		83CBBA211A601CBA00E9B192 /* Release */ = {
			isa = XCBuildConfiguration;
			buildSettings = {
				ALWAYS_SEARCH_USER_PATHS = NO;
				CLANG_CXX_LANGUAGE_STANDARD = "gnu++0x";
				CLANG_CXX_LIBRARY = "libc++";
				CLANG_ENABLE_MODULES = YES;
				CLANG_ENABLE_OBJC_ARC = YES;
				CLANG_WARN_BLOCK_CAPTURE_AUTORELEASING = YES;
				CLANG_WARN_BOOL_CONVERSION = YES;
				CLANG_WARN_COMMA = YES;
				CLANG_WARN_CONSTANT_CONVERSION = YES;
				CLANG_WARN_DEPRECATED_OBJC_IMPLEMENTATIONS = YES;
				CLANG_WARN_DIRECT_OBJC_ISA_USAGE = YES_ERROR;
				CLANG_WARN_EMPTY_BODY = YES;
				CLANG_WARN_ENUM_CONVERSION = YES;
				CLANG_WARN_INFINITE_RECURSION = YES;
				CLANG_WARN_INT_CONVERSION = YES;
				CLANG_WARN_NON_LITERAL_NULL_CONVERSION = YES;
				CLANG_WARN_OBJC_IMPLICIT_RETAIN_SELF = YES;
				CLANG_WARN_OBJC_LITERAL_CONVERSION = YES;
				CLANG_WARN_OBJC_ROOT_CLASS = YES_ERROR;
				CLANG_WARN_RANGE_LOOP_ANALYSIS = YES;
				CLANG_WARN_STRICT_PROTOTYPES = YES;
				CLANG_WARN_SUSPICIOUS_MOVE = YES;
				CLANG_WARN_UNREACHABLE_CODE = YES;
				CLANG_WARN__DUPLICATE_METHOD_MATCH = YES;
				"CODE_SIGN_IDENTITY[sdk=iphoneos*]" = "iPhone Developer";
				COPY_PHASE_STRIP = YES;
				ENABLE_NS_ASSERTIONS = NO;
				ENABLE_STRICT_OBJC_MSGSEND = YES;
				GCC_C_LANGUAGE_STANDARD = gnu99;
				GCC_NO_COMMON_BLOCKS = YES;
				GCC_WARN_64_TO_32_BIT_CONVERSION = YES;
				GCC_WARN_ABOUT_RETURN_TYPE = YES_ERROR;
				GCC_WARN_UNDECLARED_SELECTOR = YES;
				GCC_WARN_UNINITIALIZED_AUTOS = YES_AGGRESSIVE;
				GCC_WARN_UNUSED_FUNCTION = YES;
				GCC_WARN_UNUSED_VARIABLE = YES;
				IPHONEOS_DEPLOYMENT_TARGET = 9.0;
				MTL_ENABLE_DEBUG_INFO = NO;
				SDKROOT = iphoneos;
				VALIDATE_PRODUCT = YES;
			};
			name = Release;
		};
/* End XCBuildConfiguration section */

/* Begin XCConfigurationList section */
		13B07F931A680F5B00A75B9A /* Build configuration list for PBXNativeTarget "markerExample" */ = {
			isa = XCConfigurationList;
			buildConfigurations = (
				13B07F941A680F5B00A75B9A /* Debug */,
				13B07F951A680F5B00A75B9A /* Release */,
			);
			defaultConfigurationIsVisible = 0;
			defaultConfigurationName = Release;
		};
		83CBB9FA1A601CBA00E9B192 /* Build configuration list for PBXProject "markerExample" */ = {
			isa = XCConfigurationList;
			buildConfigurations = (
				83CBBA201A601CBA00E9B192 /* Debug */,
				83CBBA211A601CBA00E9B192 /* Release */,
			);
			defaultConfigurationIsVisible = 0;
			defaultConfigurationName = Release;
		};
/* End XCConfigurationList section */
	};
	rootObject = 83CBB9F71A601CBA00E9B192 /* Project object */;
}
